
Microsoft Visual Studio Solution File, Format Version 12.00
# Visual Studio Version 16
VisualStudioVersion = 16.0.30320.27
MinimumVisualStudioVersion = 10.0.40219.1
Project("{FAE04EC0-301F-11D3-BF4B-00C04F79EFBC}") = "ChatSignalR", "ChatSignalR\ChatSignalR.csproj", "{B4367827-498E-4837-9CFC-10CA808162E6}"
EndProject
Global
	GlobalSection(SolutionConfigurationPlatforms) = preSolution
		Debug|Any CPU = Debug|Any CPU
		Release|Any CPU = Release|Any CPU
	EndGlobalSection
	GlobalSection(ProjectConfigurationPlatforms) = postSolution
		{B4367827-498E-4837-9CFC-10CA808162E6}.Debug|Any CPU.ActiveCfg = Debug|Any CPU
		{B4367827-498E-4837-9CFC-10CA808162E6}.Debug|Any CPU.Build.0 = Debug|Any CPU
		{B4367827-498E-4837-9CFC-10CA808162E6}.Release|Any CPU.ActiveCfg = Release|Any CPU
		{B4367827-498E-4837-9CFC-10CA808162E6}.Release|Any CPU.Build.0 = Release|Any CPU
	EndGlobalSection
	GlobalSection(SolutionProperties) = preSolution
		HideSolutionNode = FALSE
	EndGlobalSection
	GlobalSection(ExtensibilityGlobals) = postSolution
		SolutionGuid = {2A87463B-2589-4944-A32A-E60BCAE4AD34}
	EndGlobalSection
EndGlobal
